
Microsoft Visual Studio Solution File, Format Version 12.00
# Visual Studio Version 16
VisualStudioVersion = 16.0.810.8
MinimumVisualStudioVersion = 10.0.40219.1
Project("{FAE04EC0-301F-11D3-BF4B-00C04F79EFBC}") = "ProductBackEnd", "ProductBackEnd\ProductBackEnd.csproj", "{3E8B8532-C696-4A52-AE3A-DCFF2E54BB98}"
EndProject
Project("{FAE04EC0-301F-11D3-BF4B-00C04F79EFBC}") = "ProductBackendTest", "ProductBackendTest\ProductBackendTest.csproj", "{8B360DA8-05F2-4378-9C28-42C13FE077B3}"
EndProject
Global
	GlobalSection(SolutionConfigurationPlatforms) = preSolution
		Debug|Any CPU = Debug|Any CPU
		Release|Any CPU = Release|Any CPU
	EndGlobalSection
	GlobalSection(ProjectConfigurationPlatforms) = postSolution
		{3E8B8532-C696-4A52-AE3A-DCFF2E54BB98}.Debug|Any CPU.ActiveCfg = Debug|Any CPU
		{3E8B8532-C696-4A52-AE3A-DCFF2E54BB98}.Debug|Any CPU.Build.0 = Debug|Any CPU
		{3E8B8532-C696-4A52-AE3A-DCFF2E54BB98}.Release|Any CPU.ActiveCfg = Release|Any CPU
		{3E8B8532-C696-4A52-AE3A-DCFF2E54BB98}.Release|Any CPU.Build.0 = Release|Any CPU
		{8B360DA8-05F2-4378-9C28-42C13FE077B3}.Debug|Any CPU.ActiveCfg = Debug|Any CPU
		{8B360DA8-05F2-4378-9C28-42C13FE077B3}.Debug|Any CPU.Build.0 = Debug|Any CPU
		{8B360DA8-05F2-4378-9C28-42C13FE077B3}.Release|Any CPU.ActiveCfg = Release|Any CPU
		{8B360DA8-05F2-4378-9C28-42C13FE077B3}.Release|Any CPU.Build.0 = Release|Any CPU
	EndGlobalSection
	GlobalSection(SolutionProperties) = preSolution
		HideSolutionNode = FALSE
	EndGlobalSection
	GlobalSection(ExtensibilityGlobals) = postSolution
		SolutionGuid = {3D81EC9C-6F99-4388-AE50-EFA83C60A1E3}
	EndGlobalSection
EndGlobal
